
Microsoft Visual Studio Solution File, Format Version 12.00
# Visual Studio Version 16
VisualStudioVersion = 16.0.30523.141
MinimumVisualStudioVersion = 10.0.40219.1
Project("{FAE04EC0-301F-11D3-BF4B-00C04F79EFBC}") = "Interface3", "Interface3\Interface3.csproj", "{78483218-5453-4DE7-96AF-1AA54716C6AD}"
EndProject
Global
	GlobalSection(SolutionConfigurationPlatforms) = preSolution
		Debug|Any CPU = Debug|Any CPU
		Release|Any CPU = Release|Any CPU
	EndGlobalSection
	GlobalSection(ProjectConfigurationPlatforms) = postSolution
		{78483218-5453-4DE7-96AF-1AA54716C6AD}.Debug|Any CPU.ActiveCfg = Debug|Any CPU
		{78483218-5453-4DE7-96AF-1AA54716C6AD}.Debug|Any CPU.Build.0 = Debug|Any CPU
		{78483218-5453-4DE7-96AF-1AA54716C6AD}.Release|Any CPU.ActiveCfg = Release|Any CPU
		{78483218-5453-4DE7-96AF-1AA54716C6AD}.Release|Any CPU.Build.0 = Release|Any CPU
	EndGlobalSection
	GlobalSection(SolutionProperties) = preSolution
		HideSolutionNode = FALSE
	EndGlobalSection
	GlobalSection(ExtensibilityGlobals) = postSolution
		SolutionGuid = {63CE8086-9F43-476E-A1FE-4F469EE49CF5}
	EndGlobalSection
EndGlobal
